
Microsoft Visual Studio Solution File, Format Version 12.00
# Visual Studio Version 16
VisualStudioVersion = 16.0.30711.63
MinimumVisualStudioVersion = 10.0.40219.1
Project("{FAE04EC0-301F-11D3-BF4B-00C04F79EFBC}") = "Main Program", "Main Program\Main Program.csproj", "{6E2B42C9-F4C6-4FDB-A2AB-D84035ED500B}"
EndProject
Global
	GlobalSection(SolutionConfigurationPlatforms) = preSolution
		Debug|Any CPU = Debug|Any CPU
		Release|Any CPU = Release|Any CPU
	EndGlobalSection
	GlobalSection(ProjectConfigurationPlatforms) = postSolution
		{6E2B42C9-F4C6-4FDB-A2AB-D84035ED500B}.Debug|Any CPU.ActiveCfg = Debug|Any CPU
		{6E2B42C9-F4C6-4FDB-A2AB-D84035ED500B}.Debug|Any CPU.Build.0 = Debug|Any CPU
		{6E2B42C9-F4C6-4FDB-A2AB-D84035ED500B}.Release|Any CPU.ActiveCfg = Release|Any CPU
		{6E2B42C9-F4C6-4FDB-A2AB-D84035ED500B}.Release|Any CPU.Build.0 = Release|Any CPU
	EndGlobalSection
	GlobalSection(SolutionProperties) = preSolution
		HideSolutionNode = FALSE
	EndGlobalSection
	GlobalSection(ExtensibilityGlobals) = postSolution
		SolutionGuid = {57CAB446-3058-498D-B951-29989EE9CF5C}
	EndGlobalSection
EndGlobal
